
Microsoft Visual Studio Solution File, Format Version 12.00
# Visual Studio Version 16
VisualStudioVersion = 16.0.33214.272
MinimumVisualStudioVersion = 10.0.40219.1
Project("{FAE04EC0-301F-11D3-BF4B-00C04F79EFBC}") = "Dice_Rolling_Simulator", "Dice_Rolling_Simulator\Dice_Rolling_Simulator.csproj", "{15D2B399-2654-41C3-B990-8698BC79FC28}"
EndProject
Global
	GlobalSection(SolutionConfigurationPlatforms) = preSolution
		Debug|Any CPU = Debug|Any CPU
		Release|Any CPU = Release|Any CPU
	EndGlobalSection
	GlobalSection(ProjectConfigurationPlatforms) = postSolution
		{15D2B399-2654-41C3-B990-8698BC79FC28}.Debug|Any CPU.ActiveCfg = Debug|Any CPU
		{15D2B399-2654-41C3-B990-8698BC79FC28}.Debug|Any CPU.Build.0 = Debug|Any CPU
		{15D2B399-2654-41C3-B990-8698BC79FC28}.Release|Any CPU.ActiveCfg = Release|Any CPU
		{15D2B399-2654-41C3-B990-8698BC79FC28}.Release|Any CPU.Build.0 = Release|Any CPU
	EndGlobalSection
	GlobalSection(SolutionProperties) = preSolution
		HideSolutionNode = FALSE
	EndGlobalSection
	GlobalSection(ExtensibilityGlobals) = postSolution
		SolutionGuid = {76191D44-6F87-44ED-B490-66356DAB0D09}
	EndGlobalSection
EndGlobal
